// !$*UTF8*$!
{
	archiveVersion = 1;
	classes = {
	};
	objectVersion = 46;
	objects = {

/* Begin PBXBuildFile section */
		FC0D8ED91EEFD76400448145 /* AppDelegate.swift in Sources */ = {isa = PBXBuildFile; fileRef = FC0D8ED81EEFD76400448145 /* AppDelegate.swift */; };
		FC0D8EDB1EEFD76400448145 /* ViewController.swift in Sources */ = {isa = PBXBuildFile; fileRef = FC0D8EDA1EEFD76400448145 /* ViewController.swift */; };
		FC0D8EDE1EEFD76400448145 /* Main.storyboard in Resources */ = {isa = PBXBuildFile; fileRef = FC0D8EDC1EEFD76400448145 /* Main.storyboard */; };
		FC0D8EE01EEFD76400448145 /* Assets.xcassets in Resources */ = {isa = PBXBuildFile; fileRef = FC0D8EDF1EEFD76400448145 /* Assets.xcassets */; };
		FC0D8EE31EEFD76400448145 /* LaunchScreen.storyboard in Resources */ = {isa = PBXBuildFile; fileRef = FC0D8EE11EEFD76400448145 /* LaunchScreen.storyboard */; };
		FC0D8EEB1EEFDA4400448145 /* bg.jpg in Resources */ = {isa = PBXBuildFile; fileRef = FC0D8EEA1EEFDA4400448145 /* bg.jpg */; };
/* End PBXBuildFile section */

/* Begin PBXFileReference section */
		FC0D8ED51EEFD76400448145 /* Easy Authen.app */ = {isa = PBXFileReference; explicitFileType = wrapper.application; includeInIndex = 0; path = "Easy Authen.app"; sourceTree = BUILT_PRODUCTS_DIR; };
		FC0D8ED81EEFD76400448145 /* AppDelegate.swift */ = {isa = PBXFileReference; lastKnownFileType = sourcecode.swift; path = AppDelegate.swift; sourceTree = "<group>"; };
		FC0D8EDA1EEFD76400448145 /* ViewController.swift */ = {isa = PBXFileReference; lastKnownFileType = sourcecode.swift; path = ViewController.swift; sourceTree = "<group>"; };
		FC0D8EDD1EEFD76400448145 /* Base */ = {isa = PBXFileReference; lastKnownFileType = file.storyboard; name = Base; path = Base.lproj/Main.storyboard; sourceTree = "<group>"; };
		FC0D8EDF1EEFD76400448145 /* Assets.xcassets */ = {isa = PBXFileReference; lastKnownFileType = folder.assetcatalog; path = Assets.xcassets; sourceTree = "<group>"; };
		FC0D8EE21EEFD76400448145 /* Base */ = {isa = PBXFileReference; lastKnownFileType = file.storyboard; name = Base; path = Base.lproj/LaunchScreen.storyboard; sourceTree = "<group>"; };
		FC0D8EE41EEFD76400448145 /* Info.plist */ = {isa = PBXFileReference; lastKnownFileType = text.plist.xml; path = Info.plist; sourceTree = "<group>"; };
		FC0D8EEA1EEFDA4400448145 /* bg.jpg */ = {isa = PBXFileReference; lastKnownFileType = image.jpeg; name = bg.jpg; path = ../../../../Desktop/bg.jpg; sourceTree = "<group>"; };
/* End PBXFileReference section */

/* Begin PBXFrameworksBuildPhase section */
		FC0D8ED21EEFD76400448145 /* Frameworks */ = {
			isa = PBXFrameworksBuildPhase;
			buildActionMask = 2147483647;
			files = (
			);
			runOnlyForDeploymentPostprocessing = 0;
		};
/* End PBXFrameworksBuildPhase section */

/* Begin PBXGroup section */
		FC0D8ECC1EEFD76400448145 = {
			isa = PBXGroup;
			children = (
				FC0D8ED71EEFD76400448145 /* Easy Authen */,
				FC0D8ED61EEFD76400448145 /* Products */,
			);
			sourceTree = "<group>";
		};
		FC0D8ED61EEFD76400448145 /* Products */ = {
			isa = PBXGroup;
			children = (
				FC0D8ED51EEFD76400448145 /* Easy Authen.app */,
			);
			name = Products;
			sourceTree = "<group>";
		};
		FC0D8ED71EEFD76400448145 /* Easy Authen */ = {
			isa = PBXGroup;
			children = (
				FC0D8ED81EEFD76400448145 /* AppDelegate.swift */,
				FC0D8EEA1EEFDA4400448145 /* bg.jpg */,
				FC0D8EDA1EEFD76400448145 /* ViewController.swift */,
				FC0D8EDC1EEFD76400448145 /* Main.storyboard */,
				FC0D8EDF1EEFD76400448145 /* Assets.xcassets */,
				FC0D8EE11EEFD76400448145 /* LaunchScreen.storyboard */,
				FC0D8EE41EEFD76400448145 /* Info.plist */,
			);
			path = "Easy Authen";
			sourceTree = "<group>";
		};
/* End PBXGroup section */

/* Begin PBXNativeTarget section */
		FC0D8ED41EEFD76400448145 /* Easy Authen */ = {
			isa = PBXNativeTarget;
			buildConfigurationList = FC0D8EE71EEFD76400448145 /* Build configuration list for PBXNativeTarget "Easy Authen" */;
			buildPhases = (
				FC0D8ED11EEFD76400448145 /* Sources */,
				FC0D8ED21EEFD76400448145 /* Frameworks */,
				FC0D8ED31EEFD76400448145 /* Resources */,
			);
			buildRules = (
			);
			dependencies = (
			);
			name = "Easy Authen";
			productName = "Easy Authen";
			productReference = FC0D8ED51EEFD76400448145 /* Easy Authen.app */;
			productType = "com.apple.product-type.application";
		};
/* End PBXNativeTarget section */

/* Begin PBXProject section */
		FC0D8ECD1EEFD76400448145 /* Project object */ = {
			isa = PBXProject;
			attributes = {
				LastSwiftUpdateCheck = 0830;
				LastUpgradeCheck = 0830;
				ORGANIZATIONNAME = SNRU;
				TargetAttributes = {
					FC0D8ED41EEFD76400448145 = {
						CreatedOnToolsVersion = 8.3.3;
						ProvisioningStyle = Automatic;
					};
				};
			};
			buildConfigurationList = FC0D8ED01EEFD76400448145 /* Build configuration list for PBXProject "Easy Authen" */;
			compatibilityVersion = "Xcode 3.2";
			developmentRegion = English;
			hasScannedForEncodings = 0;
			knownRegions = (
				en,
				Base,
			);
			mainGroup = FC0D8ECC1EEFD76400448145;
			productRefGroup = FC0D8ED61EEFD76400448145 /* Products */;
			projectDirPath = "";
			projectRoot = "";
			targets = (
				FC0D8ED41EEFD76400448145 /* Easy Authen */,
			);
		};
/* End PBXProject section */

/* Begin PBXResourcesBuildPhase section */
		FC0D8ED31EEFD76400448145 /* Resources */ = {
			isa = PBXResourcesBuildPhase;
			buildActionMask = 2147483647;
			files = (
				FC0D8EE31EEFD76400448145 /* LaunchScreen.storyboard in Resources */,
				FC0D8EE01EEFD76400448145 /* Assets.xcassets in Resources */,
				FC0D8EEB1EEFDA4400448145 /* bg.jpg in Resources */,
				FC0D8EDE1EEFD76400448145 /* Main.storyboard in Resources */,
			);
			runOnlyForDeploymentPostprocessing = 0;
		};
/* End PBXResourcesBuildPhase section */

/* Begin PBXSourcesBuildPhase section */
		FC0D8ED11EEFD76400448145 /* Sources */ = {
			isa = PBXSourcesBuildPhase;
			buildActionMask = 2147483647;
			files = (
				FC0D8EDB1EEFD76400448145 /* ViewController.swift in Sources */,
				FC0D8ED91EEFD76400448145 /* AppDelegate.swift in Sources */,
			);
			runOnlyForDeploymentPostprocessing = 0;
		};
/* End PBXSourcesBuildPhase section */

/* Begin PBXVariantGroup section */
		FC0D8EDC1EEFD76400448145 /* Main.storyboard */ = {
			isa = PBXVariantGroup;
			children = (
				FC0D8EDD1EEFD76400448145 /* Base */,
			);
			name = Main.storyboard;
			sourceTree = "<group>";
		};
		FC0D8EE11EEFD76400448145 /* LaunchScreen.storyboard */ = {
			isa = PBXVariantGroup;
			children = (
				FC0D8EE21EEFD76400448145 /* Base */,
			);
			name = LaunchScreen.storyboard;
			sourceTree = "<group>";
		};
/* End PBXVariantGroup section */

/* Begin XCBuildConfiguration section */
		FC0D8EE51EEFD76400448145 /* Debug */ = {
			isa = XCBuildConfiguration;
			buildSettings = {
				ALWAYS_SEARCH_USER_PATHS = NO;
				CLANG_ANALYZER_NONNULL = YES;
				CLANG_ANALYZER_NUMBER_OBJECT_CONVERSION = YES_AGGRESSIVE;
				CLANG_CXX_LANGUAGE_STANDARD = "gnu++0x";
				CLANG_CXX_LIBRARY = "libc++";
				CLANG_ENABLE_MODULES = YES;
				CLANG_ENABLE_OBJC_ARC = YES;
				CLANG_WARN_BOOL_CONVERSION = YES;
				CLANG_WARN_CONSTANT_CONVERSION = YES;
				CLANG_WARN_DIRECT_OBJC_ISA_USAGE = YES_ERROR;
				CLANG_WARN_DOCUMENTATION_COMMENTS = YES;
				CLANG_WARN_EMPTY_BODY = YES;
				CLANG_WARN_ENUM_CONVERSION = YES;
				CLANG_WARN_INFINITE_RECURSION = YES;
				CLANG_WARN_INT_CONVERSION = YES;
				CLANG_WARN_OBJC_ROOT_CLASS = YES_ERROR;
				CLANG_WARN_SUSPICIOUS_MOVE = YES;
				CLANG_WARN_UNREACHABLE_CODE = YES;
				CLANG_WARN__DUPLICATE_METHOD_MATCH = YES;
				"CODE_SIGN_IDENTITY[sdk=iphoneos*]" = "iPhone Developer";
				COPY_PHASE_STRIP = NO;
				DEBUG_INFORMATION_FORMAT = dwarf;
				ENABLE_STRICT_OBJC_MSGSEND = YES;
				ENABLE_TESTABILITY = YES;
				GCC_C_LANGUAGE_STANDARD = gnu99;
				GCC_DYNAMIC_NO_PIC = NO;
				GCC_NO_COMMON_BLOCKS = YES;
				GCC_OPTIMIZATION_LEVEL = 0;
				GCC_PREPROCESSOR_DEFINITIONS = (
					"DEBUG=1",
					"$(inherited)",
				);
				GCC_WARN_64_TO_32_BIT_CONVERSION = YES;
				GCC_WARN_ABOUT_RETURN_TYPE = YES_ERROR;
				GCC_WARN_UNDECLARED_SELECTOR = YES;
				GCC_WARN_UNINITIALIZED_AUTOS = YES_AGGRESSIVE;
				GCC_WARN_UNUSED_FUNCTION = YES;
				GCC_WARN_UNUSED_VARIABLE = YES;
				IPHONEOS_DEPLOYMENT_TARGET = 10.3;
				MTL_ENABLE_DEBUG_INFO = YES;
				ONLY_ACTIVE_ARCH = YES;
				SDKROOT = iphoneos;
				SWIFT_ACTIVE_COMPILATION_CONDITIONS = DEBUG;
				SWIFT_OPTIMIZATION_LEVEL = "-Onone";
				TARGETED_DEVICE_FAMILY = "1,2";
			};
			name = Debug;
		};
		FC0D8EE61EEFD76400448145 /* Release */ = {
			isa = XCBuildConfiguration;
			buildSettings = {
				ALWAYS_SEARCH_USER_PATHS = NO;
				CLANG_ANALYZER_NONNULL = YES;
				CLANG_ANALYZER_NUMBER_OBJECT_CONVERSION = YES_AGGRESSIVE;
				CLANG_CXX_LANGUAGE_STANDARD = "gnu++0x";
				CLANG_CXX_LIBRARY = "libc++";
				CLANG_ENABLE_MODULES = YES;
				CLANG_ENABLE_OBJC_ARC = YES;
				CLANG_WARN_BOOL_CONVERSION = YES;
				CLANG_WARN_CONSTANT_CONVERSION = YES;
				CLANG_WARN_DIRECT_OBJC_ISA_USAGE = YES_ERROR;
				CLANG_WARN_DOCUMENTATION_COMMENTS = YES;
				CLANG_WARN_EMPTY_BODY = YES;
				CLANG_WARN_ENUM_CONVERSION = YES;
				CLANG_WARN_INFINITE_RECURSION = YES;
				CLANG_WARN_INT_CONVERSION = YES;
				CLANG_WARN_OBJC_ROOT_CLASS = YES_ERROR;
				CLANG_WARN_SUSPICIOUS_MOVE = YES;
				CLANG_WARN_UNREACHABLE_CODE = YES;
				CLANG_WARN__DUPLICATE_METHOD_MATCH = YES;
				"CODE_SIGN_IDENTITY[sdk=iphoneos*]" = "iPhone Developer";
				COPY_PHASE_STRIP = NO;
				DEBUG_INFORMATION_FORMAT = "dwarf-with-dsym";
				ENABLE_NS_ASSERTIONS = NO;
				ENABLE_STRICT_OBJC_MSGSEND = YES;
				GCC_C_LANGUAGE_STANDARD = gnu99;
				GCC_NO_COMMON_BLOCKS = YES;
				GCC_WARN_64_TO_32_BIT_CONVERSION = YES;
				GCC_WARN_ABOUT_RETURN_TYPE = YES_ERROR;
				GCC_WARN_UNDECLARED_SELECTOR = YES;
				GCC_WARN_UNINITIALIZED_AUTOS = YES_AGGRESSIVE;
				GCC_WARN_UNUSED_FUNCTION = YES;
				GCC_WARN_UNUSED_VARIABLE = YES;
				IPHONEOS_DEPLOYMENT_TARGET = 10.3;
				MTL_ENABLE_DEBUG_INFO = NO;
				SDKROOT = iphoneos;
				SWIFT_OPTIMIZATION_LEVEL = "-Owholemodule";
				TARGETED_DEVICE_FAMILY = "1,2";
				VALIDATE_PRODUCT = YES;
			};
			name = Release;
		};
		FC0D8EE81EEFD76400448145 /* Debug */ = {
			isa = XCBuildConfiguration;
			buildSettings = {
				ASSETCATALOG_COMPILER_APPICON_NAME = AppIcon;
				INFOPLIST_FILE = "Easy Authen/Info.plist";
				LD_RUNPATH_SEARCH_PATHS = "$(inherited) @executable_path/Frameworks";
				PRODUCT_BUNDLE_IDENTIFIER = "Computer.Tidarat.Easy-Authen";
				PRODUCT_NAME = "$(TARGET_NAME)";
				SWIFT_VERSION = 3.0;
			};
			name = Debug;
		};
		FC0D8EE91EEFD76400448145 /* Release */ = {
			isa = XCBuildConfiguration;
			buildSettings = {
				ASSETCATALOG_COMPILER_APPICON_NAME = AppIcon;
				INFOPLIST_FILE = "Easy Authen/Info.plist";
				LD_RUNPATH_SEARCH_PATHS = "$(inherited) @executable_path/Frameworks";
				PRODUCT_BUNDLE_IDENTIFIER = "Computer.Tidarat.Easy-Authen";
				PRODUCT_NAME = "$(TARGET_NAME)";
				SWIFT_VERSION = 3.0;
			};
			name = Release;
		};
/* End XCBuildConfiguration section */

/* Begin XCConfigurationList section */
		FC0D8ED01EEFD76400448145 /* Build configuration list for PBXProject "Easy Authen" */ = {
			isa = XCConfigurationList;
			buildConfigurations = (
				FC0D8EE51EEFD76400448145 /* Debug */,
				FC0D8EE61EEFD76400448145 /* Release */,
			);
			defaultConfigurationIsVisible = 0;
			defaultConfigurationName = Release;
		};
		FC0D8EE71EEFD76400448145 /* Build configuration list for PBXNativeTarget "Easy Authen" */ = {
			isa = XCConfigurationList;
			buildConfigurations = (
				FC0D8EE81EEFD76400448145 /* Debug */,
				FC0D8EE91EEFD76400448145 /* Release */,
			);
			defaultConfigurationIsVisible = 0;
		};
/* End XCConfigurationList section */
	};
	rootObject = FC0D8ECD1EEFD76400448145 /* Project object */;
}
